// !$*UTF8*$!
{
	archiveVersion = 1;
	classes = {
	};
	objectVersion = 46;
	objects = {

/* Begin PBXBuildFile section */
		30CD9FB18C1602C963CEE2C4 /* Pods_Origin.framework in Frameworks */ = {isa = PBXBuildFile; fileRef = C4DEEF4F3E640A783E5AD659 /* Pods_Origin.framework */; };
		B20857D31DE9BC1600E05CAD /* HomeTableViewController.swift in Sources */ = {isa = PBXBuildFile; fileRef = B20857D21DE9BC1600E05CAD /* HomeTableViewController.swift */; };
		B209F7231DFBCA2F0036AD37 /* RssRequest.swift in Sources */ = {isa = PBXBuildFile; fileRef = B209F7221DFBCA2F0036AD37 /* RssRequest.swift */; };
		B209F7261DFBD0710036AD37 /* DiscoverTableViewController.swift in Sources */ = {isa = PBXBuildFile; fileRef = B209F7251DFBD0710036AD37 /* DiscoverTableViewController.swift */; };
		B209F7281DFBD1000036AD37 /* D_PagingMenuOption.swift in Sources */ = {isa = PBXBuildFile; fileRef = B209F7271DFBD1000036AD37 /* D_PagingMenuOption.swift */; };
		B209F72A1DFBD2360036AD37 /* PopViewController.swift in Sources */ = {isa = PBXBuildFile; fileRef = B209F7291DFBD2360036AD37 /* PopViewController.swift */; };
		B209F72C1DFBD2430036AD37 /* RockViewController.swift in Sources */ = {isa = PBXBuildFile; fileRef = B209F72B1DFBD2430036AD37 /* RockViewController.swift */; };
		B209F72E1DFBD24F0036AD37 /* AnimeViewController.swift in Sources */ = {isa = PBXBuildFile; fileRef = B209F72D1DFBD24F0036AD37 /* AnimeViewController.swift */; };
		B209F7301DFBD4E70036AD37 /* GenreViewController.storyboard in Resources */ = {isa = PBXBuildFile; fileRef = B209F72F1DFBD4E70036AD37 /* GenreViewController.storyboard */; };
		B209F7321DFBD7210036AD37 /* AllViewController.swift in Sources */ = {isa = PBXBuildFile; fileRef = B209F7311DFBD7210036AD37 /* AllViewController.swift */; };
		B209F7341DFBDF300036AD37 /* DanceViewController.swift in Sources */ = {isa = PBXBuildFile; fileRef = B209F7331DFBDF300036AD37 /* DanceViewController.swift */; };
		B209F7361DFBDF3F0036AD37 /* HipHopViewController.swift in Sources */ = {isa = PBXBuildFile; fileRef = B209F7351DFBDF3F0036AD37 /* HipHopViewController.swift */; };
		B209F73A1DFBDF830036AD37 /* JPopViewController.swift in Sources */ = {isa = PBXBuildFile; fileRef = B209F7391DFBDF830036AD37 /* JPopViewController.swift */; };
		B209F73C1DFBF9F70036AD37 /* D_BasePageMenuController.swift in Sources */ = {isa = PBXBuildFile; fileRef = B209F73B1DFBF9F70036AD37 /* D_BasePageMenuController.swift */; };
		B218FD8A1DFEDBCD00BBC16E /* OtherViewController.swift in Sources */ = {isa = PBXBuildFile; fileRef = B218FD891DFEDBCD00BBC16E /* OtherViewController.swift */; };
		B248D5CC1E03E640006F6984 /* README.md in Sources */ = {isa = PBXBuildFile; fileRef = B248D5CB1E03E640006F6984 /* README.md */; };
		B248D5D41E03E862006F6984 /* IMG_0848.PNG in Resources */ = {isa = PBXBuildFile; fileRef = B248D5CD1E03E862006F6984 /* IMG_0848.PNG */; };
		B248D5D51E03E862006F6984 /* IMG_0847.PNG in Resources */ = {isa = PBXBuildFile; fileRef = B248D5CE1E03E862006F6984 /* IMG_0847.PNG */; };
		B248D5D61E03E862006F6984 /* IMG_0846.PNG in Resources */ = {isa = PBXBuildFile; fileRef = B248D5CF1E03E862006F6984 /* IMG_0846.PNG */; };
		B248D5D71E03E862006F6984 /* IMG_0845.PNG in Resources */ = {isa = PBXBuildFile; fileRef = B248D5D01E03E862006F6984 /* IMG_0845.PNG */; };
		B248D5D81E03E862006F6984 /* IMG_0844.PNG in Resources */ = {isa = PBXBuildFile; fileRef = B248D5D11E03E862006F6984 /* IMG_0844.PNG */; };
		B248D5D91E03E862006F6984 /* IMG_0843.PNG in Resources */ = {isa = PBXBuildFile; fileRef = B248D5D21E03E862006F6984 /* IMG_0843.PNG */; };
		B248D5DA1E03E862006F6984 /* IMG_0842.PNG in Resources */ = {isa = PBXBuildFile; fileRef = B248D5D31E03E862006F6984 /* IMG_0842.PNG */; };
		B248D5DC1E03F060006F6984 /* GoogleService-Info.plist in Resources */ = {isa = PBXBuildFile; fileRef = B248D5DB1E03F060006F6984 /* GoogleService-Info.plist */; };
		B24EED401DE6D7B900F5F5E8 /* MiniPlayerView.swift in Sources */ = {isa = PBXBuildFile; fileRef = B24EED3F1DE6D7B900F5F5E8 /* MiniPlayerView.swift */; };
		B25F8BEE1DF56F28006DC304 /* SaveRatedSongsHelper.swift in Sources */ = {isa = PBXBuildFile; fileRef = B25F8BED1DF56F28006DC304 /* SaveRatedSongsHelper.swift */; };
		B25F8BF01DF5724C006DC304 /* RatedSong.swift in Sources */ = {isa = PBXBuildFile; fileRef = B25F8BEF1DF5724C006DC304 /* RatedSong.swift */; };
		B25F8BF41DF5F0DF006DC304 /* FindViewController.swift in Sources */ = {isa = PBXBuildFile; fileRef = B25F8BF31DF5F0DF006DC304 /* FindViewController.swift */; };
		B25F8BF61DF5F0EE006DC304 /* HistoryViewController.swift in Sources */ = {isa = PBXBuildFile; fileRef = B25F8BF51DF5F0EE006DC304 /* HistoryViewController.swift */; };
		B25F8BF81DF61677006DC304 /* Record.swift in Sources */ = {isa = PBXBuildFile; fileRef = B25F8BF71DF61677006DC304 /* Record.swift */; };
		B25F8BFA1DF6246B006DC304 /* Progress.swift in Sources */ = {isa = PBXBuildFile; fileRef = B25F8BF91DF6246B006DC304 /* Progress.swift */; };
		B28627281DF09CCF007A333D /* H_PagingMenuOption.swift in Sources */ = {isa = PBXBuildFile; fileRef = B28627271DF09CCF007A333D /* H_PagingMenuOption.swift */; };
		B286272D1DF09DC3007A333D /* ArtistViewController.swift in Sources */ = {isa = PBXBuildFile; fileRef = B286272C1DF09DC3007A333D /* ArtistViewController.swift */; };
		B286272F1DF09DCF007A333D /* AlbumViewController.swift in Sources */ = {isa = PBXBuildFile; fileRef = B286272E1DF09DCF007A333D /* AlbumViewController.swift */; };
		B28627311DF09E3A007A333D /* MenuViewController.storyboard in Resources */ = {isa = PBXBuildFile; fileRef = B28627301DF09E3A007A333D /* MenuViewController.storyboard */; };
		B28EE8DC1DFF091500A54175 /* JsonPost.swift in Sources */ = {isa = PBXBuildFile; fileRef = B28EE8DB1DFF091500A54175 /* JsonPost.swift */; };
		B299ABE91E05500900514638 /* User.swift in Sources */ = {isa = PBXBuildFile; fileRef = B299ABE81E05500900514638 /* User.swift */; };
		B2AEDDEC1DF4008E00320A2D /* Song.swift in Sources */ = {isa = PBXBuildFile; fileRef = B2AEDDEB1DF4008E00320A2D /* Song.swift */; };
		B2AEDDEE1DF4027600320A2D /* LibraryAccessHelper.swift in Sources */ = {isa = PBXBuildFile; fileRef = B2AEDDED1DF4027600320A2D /* LibraryAccessHelper.swift */; };
		B2AEDDF01DF4107B00320A2D /* SongsViewController.swift in Sources */ = {isa = PBXBuildFile; fileRef = B2AEDDEF1DF4107B00320A2D /* SongsViewController.swift */; };
		B2AEDDF21DF4F5E500320A2D /* FavoriteSong.swift in Sources */ = {isa = PBXBuildFile; fileRef = B2AEDDF11DF4F5E400320A2D /* FavoriteSong.swift */; };
		B2AEDDF41DF4F76500320A2D /* SaveFavoriteSongsHelper.swift in Sources */ = {isa = PBXBuildFile; fileRef = B2AEDDF31DF4F76500320A2D /* SaveFavoriteSongsHelper.swift */; };
		B2B425D21DF29D12002B47D5 /* SearchRequestHelper.swift in Sources */ = {isa = PBXBuildFile; fileRef = B2B425D11DF29D12002B47D5 /* SearchRequestHelper.swift */; };
		B2BCA0D01DF79F6B00498C2A /* SectionHeader.swift in Sources */ = {isa = PBXBuildFile; fileRef = B2BCA0CF1DF79F6B00498C2A /* SectionHeader.swift */; };
		B2BCA0D21DF79FD800498C2A /* Extension.swift in Sources */ = {isa = PBXBuildFile; fileRef = B2BCA0D11DF79FD800498C2A /* Extension.swift */; };
		B2CC1B241DE6C6AE00356219 /* AppDelegate.swift in Sources */ = {isa = PBXBuildFile; fileRef = B2CC1B231DE6C6AE00356219 /* AppDelegate.swift */; };
		B2CC1B261DE6C6AE00356219 /* MainViewController.swift in Sources */ = {isa = PBXBuildFile; fileRef = B2CC1B251DE6C6AE00356219 /* MainViewController.swift */; };
		B2CC1B291DE6C6AE00356219 /* Main.storyboard in Resources */ = {isa = PBXBuildFile; fileRef = B2CC1B271DE6C6AE00356219 /* Main.storyboard */; };
		B2CC1B2E1DE6C6AE00356219 /* Assets.xcassets in Resources */ = {isa = PBXBuildFile; fileRef = B2CC1B2D1DE6C6AE00356219 /* Assets.xcassets */; };
		B2CC1B311DE6C6AE00356219 /* LaunchScreen.storyboard in Resources */ = {isa = PBXBuildFile; fileRef = B2CC1B2F1DE6C6AE00356219 /* LaunchScreen.storyboard */; };
		B2CC1B3F1DE6C84600356219 /* Podfile in Resources */ = {isa = PBXBuildFile; fileRef = B2CC1B3E1DE6C84600356219 /* Podfile */; };
		B2F689AF1E06E64C00D5087E /* music-icon4.png in Resources */ = {isa = PBXBuildFile; fileRef = B2F689AE1E06E64C00D5087E /* music-icon4.png */; };
		B2F689B31E077FB900D5087E /* RealmSave.swift in Sources */ = {isa = PBXBuildFile; fileRef = B2F689B21E077FB900D5087E /* RealmSave.swift */; };
		B2FD5A7A1DF1FC9A0040C2A1 /* AudioPlayer.swift in Sources */ = {isa = PBXBuildFile; fileRef = B2FD5A791DF1FC9A0040C2A1 /* AudioPlayer.swift */; };
/* End PBXBuildFile section */

/* Begin PBXFileReference section */
		104A44546A3700F7707A2536 /* Pods-Origin.release.xcconfig */ = {isa = PBXFileReference; includeInIndex = 1; lastKnownFileType = text.xcconfig; name = "Pods-Origin.release.xcconfig"; path = "Pods/Target Support Files/Pods-Origin/Pods-Origin.release.xcconfig"; sourceTree = "<group>"; };
		19A7B1783C8F33698F3569ED /* Pods-Origin.debug.xcconfig */ = {isa = PBXFileReference; includeInIndex = 1; lastKnownFileType = text.xcconfig; name = "Pods-Origin.debug.xcconfig"; path = "Pods/Target Support Files/Pods-Origin/Pods-Origin.debug.xcconfig"; sourceTree = "<group>"; };
		B20857D21DE9BC1600E05CAD /* HomeTableViewController.swift */ = {isa = PBXFileReference; fileEncoding = 4; lastKnownFileType = sourcecode.swift; path = HomeTableViewController.swift; sourceTree = "<group>"; };
		B209F7221DFBCA2F0036AD37 /* RssRequest.swift */ = {isa = PBXFileReference; fileEncoding = 4; lastKnownFileType = sourcecode.swift; path = RssRequest.swift; sourceTree = "<group>"; };
		B209F7251DFBD0710036AD37 /* DiscoverTableViewController.swift */ = {isa = PBXFileReference; fileEncoding = 4; lastKnownFileType = sourcecode.swift; path = DiscoverTableViewController.swift; sourceTree = "<group>"; };
		B209F7271DFBD1000036AD37 /* D_PagingMenuOption.swift */ = {isa = PBXFileReference; fileEncoding = 4; lastKnownFileType = sourcecode.swift; path = D_PagingMenuOption.swift; sourceTree = "<group>"; };
		B209F7291DFBD2360036AD37 /* PopViewController.swift */ = {isa = PBXFileReference; fileEncoding = 4; lastKnownFileType = sourcecode.swift; path = PopViewController.swift; sourceTree = "<group>"; };
		B209F72B1DFBD2430036AD37 /* RockViewController.swift */ = {isa = PBXFileReference; fileEncoding = 4; lastKnownFileType = sourcecode.swift; path = RockViewController.swift; sourceTree = "<group>"; };
		B209F72D1DFBD24F0036AD37 /* AnimeViewController.swift */ = {isa = PBXFileReference; fileEncoding = 4; lastKnownFileType = sourcecode.swift; path = AnimeViewController.swift; sourceTree = "<group>"; };
		B209F72F1DFBD4E70036AD37 /* GenreViewController.storyboard */ = {isa = PBXFileReference; fileEncoding = 4; lastKnownFileType = file.storyboard; path = GenreViewController.storyboard; sourceTree = "<group>"; };
		B209F7311DFBD7210036AD37 /* AllViewController.swift */ = {isa = PBXFileReference; fileEncoding = 4; lastKnownFileType = sourcecode.swift; path = AllViewController.swift; sourceTree = "<group>"; };
		B209F7331DFBDF300036AD37 /* DanceViewController.swift */ = {isa = PBXFileReference; fileEncoding = 4; lastKnownFileType = sourcecode.swift; path = DanceViewController.swift; sourceTree = "<group>"; };
		B209F7351DFBDF3F0036AD37 /* HipHopViewController.swift */ = {isa = PBXFileReference; fileEncoding = 4; lastKnownFileType = sourcecode.swift; path = HipHopViewController.swift; sourceTree = "<group>"; };
		B209F7391DFBDF830036AD37 /* JPopViewController.swift */ = {isa = PBXFileReference; fileEncoding = 4; lastKnownFileType = sourcecode.swift; path = JPopViewController.swift; sourceTree = "<group>"; };
		B209F73B1DFBF9F70036AD37 /* D_BasePageMenuController.swift */ = {isa = PBXFileReference; fileEncoding = 4; lastKnownFileType = sourcecode.swift; path = D_BasePageMenuController.swift; sourceTree = "<group>"; };
		B218FD891DFEDBCD00BBC16E /* OtherViewController.swift */ = {isa = PBXFileReference; fileEncoding = 4; lastKnownFileType = sourcecode.swift; path = OtherViewController.swift; sourceTree = "<group>"; };
		B248D5CB1E03E640006F6984 /* README.md */ = {isa = PBXFileReference; fileEncoding = 4; lastKnownFileType = net.daringfireball.markdown; path = README.md; sourceTree = "<group>"; };
		B248D5CD1E03E862006F6984 /* IMG_0848.PNG */ = {isa = PBXFileReference; lastKnownFileType = image.png; path = IMG_0848.PNG; sourceTree = "<group>"; };
		B248D5CE1E03E862006F6984 /* IMG_0847.PNG */ = {isa = PBXFileReference; lastKnownFileType = image.png; path = IMG_0847.PNG; sourceTree = "<group>"; };
		B248D5CF1E03E862006F6984 /* IMG_0846.PNG */ = {isa = PBXFileReference; lastKnownFileType = image.png; path = IMG_0846.PNG; sourceTree = "<group>"; };
		B248D5D01E03E862006F6984 /* IMG_0845.PNG */ = {isa = PBXFileReference; lastKnownFileType = image.png; path = IMG_0845.PNG; sourceTree = "<group>"; };
		B248D5D11E03E862006F6984 /* IMG_0844.PNG */ = {isa = PBXFileReference; lastKnownFileType = image.png; path = IMG_0844.PNG; sourceTree = "<group>"; };
		B248D5D21E03E862006F6984 /* IMG_0843.PNG */ = {isa = PBXFileReference; lastKnownFileType = image.png; path = IMG_0843.PNG; sourceTree = "<group>"; };
		B248D5D31E03E862006F6984 /* IMG_0842.PNG */ = {isa = PBXFileReference; lastKnownFileType = image.png; path = IMG_0842.PNG; sourceTree = "<group>"; };
		B248D5DB1E03F060006F6984 /* GoogleService-Info.plist */ = {isa = PBXFileReference; fileEncoding = 4; lastKnownFileType = text.plist.xml; path = "GoogleService-Info.plist"; sourceTree = "<group>"; };
		B24EED3F1DE6D7B900F5F5E8 /* MiniPlayerView.swift */ = {isa = PBXFileReference; fileEncoding = 4; lastKnownFileType = sourcecode.swift; path = MiniPlayerView.swift; sourceTree = "<group>"; };
		B25F8BED1DF56F28006DC304 /* SaveRatedSongsHelper.swift */ = {isa = PBXFileReference; fileEncoding = 4; lastKnownFileType = sourcecode.swift; path = SaveRatedSongsHelper.swift; sourceTree = "<group>"; };
		B25F8BEF1DF5724C006DC304 /* RatedSong.swift */ = {isa = PBXFileReference; fileEncoding = 4; lastKnownFileType = sourcecode.swift; path = RatedSong.swift; sourceTree = "<group>"; };
		B25F8BF31DF5F0DF006DC304 /* FindViewController.swift */ = {isa = PBXFileReference; fileEncoding = 4; lastKnownFileType = sourcecode.swift; path = FindViewController.swift; sourceTree = "<group>"; };
		B25F8BF51DF5F0EE006DC304 /* HistoryViewController.swift */ = {isa = PBXFileReference; fileEncoding = 4; lastKnownFileType = sourcecode.swift; path = HistoryViewController.swift; sourceTree = "<group>"; };
		B25F8BF71DF61677006DC304 /* Record.swift */ = {isa = PBXFileReference; fileEncoding = 4; lastKnownFileType = sourcecode.swift; path = Record.swift; sourceTree = "<group>"; };
		B25F8BF91DF6246B006DC304 /* Progress.swift */ = {isa = PBXFileReference; fileEncoding = 4; lastKnownFileType = sourcecode.swift; path = Progress.swift; sourceTree = "<group>"; };
		B27824A81DFA60330023405E /* Demo.playground */ = {isa = PBXFileReference; lastKnownFileType = file.playground; path = Demo.playground; sourceTree = "<group>"; };
		B28627271DF09CCF007A333D /* H_PagingMenuOption.swift */ = {isa = PBXFileReference; fileEncoding = 4; lastKnownFileType = sourcecode.swift; path = H_PagingMenuOption.swift; sourceTree = "<group>"; };
		B286272C1DF09DC3007A333D /* ArtistViewController.swift */ = {isa = PBXFileReference; fileEncoding = 4; lastKnownFileType = sourcecode.swift; path = ArtistViewController.swift; sourceTree = "<group>"; };
		B286272E1DF09DCF007A333D /* AlbumViewController.swift */ = {isa = PBXFileReference; fileEncoding = 4; lastKnownFileType = sourcecode.swift; path = AlbumViewController.swift; sourceTree = "<group>"; };
		B28627301DF09E3A007A333D /* MenuViewController.storyboard */ = {isa = PBXFileReference; fileEncoding = 4; lastKnownFileType = file.storyboard; path = MenuViewController.storyboard; sourceTree = "<group>"; };
		B28EE8DB1DFF091500A54175 /* JsonPost.swift */ = {isa = PBXFileReference; fileEncoding = 4; lastKnownFileType = sourcecode.swift; path = JsonPost.swift; sourceTree = "<group>"; };
		B299ABE81E05500900514638 /* User.swift */ = {isa = PBXFileReference; fileEncoding = 4; lastKnownFileType = sourcecode.swift; path = User.swift; sourceTree = "<group>"; };
		B2AEDDEB1DF4008E00320A2D /* Song.swift */ = {isa = PBXFileReference; fileEncoding = 4; lastKnownFileType = sourcecode.swift; path = Song.swift; sourceTree = "<group>"; };
		B2AEDDED1DF4027600320A2D /* LibraryAccessHelper.swift */ = {isa = PBXFileReference; fileEncoding = 4; lastKnownFileType = sourcecode.swift; path = LibraryAccessHelper.swift; sourceTree = "<group>"; };
		B2AEDDEF1DF4107B00320A2D /* SongsViewController.swift */ = {isa = PBXFileReference; fileEncoding = 4; lastKnownFileType = sourcecode.swift; path = SongsViewController.swift; sourceTree = "<group>"; };
		B2AEDDF11DF4F5E400320A2D /* FavoriteSong.swift */ = {isa = PBXFileReference; fileEncoding = 4; lastKnownFileType = sourcecode.swift; path = FavoriteSong.swift; sourceTree = "<group>"; };
		B2AEDDF31DF4F76500320A2D /* SaveFavoriteSongsHelper.swift */ = {isa = PBXFileReference; fileEncoding = 4; lastKnownFileType = sourcecode.swift; path = SaveFavoriteSongsHelper.swift; sourceTree = "<group>"; };
		B2B425D11DF29D12002B47D5 /* SearchRequestHelper.swift */ = {isa = PBXFileReference; fileEncoding = 4; lastKnownFileType = sourcecode.swift; path = SearchRequestHelper.swift; sourceTree = "<group>"; };
		B2BCA0CF1DF79F6B00498C2A /* SectionHeader.swift */ = {isa = PBXFileReference; fileEncoding = 4; lastKnownFileType = sourcecode.swift; path = SectionHeader.swift; sourceTree = "<group>"; };
		B2BCA0D11DF79FD800498C2A /* Extension.swift */ = {isa = PBXFileReference; fileEncoding = 4; lastKnownFileType = sourcecode.swift; path = Extension.swift; sourceTree = "<group>"; };
		B2CC1B201DE6C6AE00356219 /* Origin.app */ = {isa = PBXFileReference; explicitFileType = wrapper.application; includeInIndex = 0; path = Origin.app; sourceTree = BUILT_PRODUCTS_DIR; };
		B2CC1B231DE6C6AE00356219 /* AppDelegate.swift */ = {isa = PBXFileReference; lastKnownFileType = sourcecode.swift; path = AppDelegate.swift; sourceTree = "<group>"; };
		B2CC1B251DE6C6AE00356219 /* MainViewController.swift */ = {isa = PBXFileReference; lastKnownFileType = sourcecode.swift; path = MainViewController.swift; sourceTree = "<group>"; };
		B2CC1B281DE6C6AE00356219 /* Base */ = {isa = PBXFileReference; lastKnownFileType = file.storyboard; name = Base; path = Base.lproj/Main.storyboard; sourceTree = "<group>"; };
		B2CC1B2D1DE6C6AE00356219 /* Assets.xcassets */ = {isa = PBXFileReference; lastKnownFileType = folder.assetcatalog; path = Assets.xcassets; sourceTree = "<group>"; };
		B2CC1B301DE6C6AE00356219 /* Base */ = {isa = PBXFileReference; lastKnownFileType = file.storyboard; name = Base; path = Base.lproj/LaunchScreen.storyboard; sourceTree = "<group>"; };
		B2CC1B321DE6C6AE00356219 /* Info.plist */ = {isa = PBXFileReference; lastKnownFileType = text.plist.xml; path = Info.plist; sourceTree = "<group>"; };
		B2CC1B3E1DE6C84600356219 /* Podfile */ = {isa = PBXFileReference; fileEncoding = 4; lastKnownFileType = text; path = Podfile; sourceTree = "<group>"; xcLanguageSpecificationIdentifier = xcode.lang.ruby; };
		B2F689AE1E06E64C00D5087E /* music-icon4.png */ = {isa = PBXFileReference; lastKnownFileType = image.png; path = "music-icon4.png"; sourceTree = "<group>"; };
		B2F689B21E077FB900D5087E /* RealmSave.swift */ = {isa = PBXFileReference; fileEncoding = 4; lastKnownFileType = sourcecode.swift; path = RealmSave.swift; sourceTree = "<group>"; };
		B2FD5A791DF1FC9A0040C2A1 /* AudioPlayer.swift */ = {isa = PBXFileReference; fileEncoding = 4; lastKnownFileType = sourcecode.swift; path = AudioPlayer.swift; sourceTree = "<group>"; };
		C4DEEF4F3E640A783E5AD659 /* Pods_Origin.framework */ = {isa = PBXFileReference; explicitFileType = wrapper.framework; includeInIndex = 0; path = Pods_Origin.framework; sourceTree = BUILT_PRODUCTS_DIR; };
/* End PBXFileReference section */

/* Begin PBXFrameworksBuildPhase section */
		B2CC1B1D1DE6C6AE00356219 /* Frameworks */ = {
			isa = PBXFrameworksBuildPhase;
			buildActionMask = 2147483647;
			files = (
				30CD9FB18C1602C963CEE2C4 /* Pods_Origin.framework in Frameworks */,
			);
			runOnlyForDeploymentPostprocessing = 0;
		};
/* End PBXFrameworksBuildPhase section */

/* Begin PBXGroup section */
		7CA1B7B0159A94323CBDADCD /* Pods */ = {
			isa = PBXGroup;
			children = (
				19A7B1783C8F33698F3569ED /* Pods-Origin.debug.xcconfig */,
				104A44546A3700F7707A2536 /* Pods-Origin.release.xcconfig */,
			);
			name = Pods;
			sourceTree = "<group>";
		};
		B20857D11DE9BBE800E05CAD /* Home */ = {
			isa = PBXGroup;
			children = (
				B20857D21DE9BC1600E05CAD /* HomeTableViewController.swift */,
				B28627271DF09CCF007A333D /* H_PagingMenuOption.swift */,
				B28627291DF09D9D007A333D /* PageMenu */,
			);
			name = Home;
			sourceTree = "<group>";
		};
		B209F7241DFBD0370036AD37 /* PageMenu */ = {
			isa = PBXGroup;
			children = (
				B209F7311DFBD7210036AD37 /* AllViewController.swift */,
				B209F7391DFBDF830036AD37 /* JPopViewController.swift */,
				B209F72B1DFBD2430036AD37 /* RockViewController.swift */,
				B218FD891DFEDBCD00BBC16E /* OtherViewController.swift */,
				B209F7291DFBD2360036AD37 /* PopViewController.swift */,
				B209F72D1DFBD24F0036AD37 /* AnimeViewController.swift */,
				B209F7331DFBDF300036AD37 /* DanceViewController.swift */,
				B209F7351DFBDF3F0036AD37 /* HipHopViewController.swift */,
			);
			name = PageMenu;
			sourceTree = "<group>";
		};
		B20C551B1DEBACCA00C1F4A8 /* Sources */ = {
			isa = PBXGroup;
			children = (
				B2F689B21E077FB900D5087E /* RealmSave.swift */,
				B28EE8DB1DFF091500A54175 /* JsonPost.swift */,
				B209F7221DFBCA2F0036AD37 /* RssRequest.swift */,
				B2B425D11DF29D12002B47D5 /* SearchRequestHelper.swift */,
				B2AEDDED1DF4027600320A2D /* LibraryAccessHelper.swift */,
				B2AEDDF31DF4F76500320A2D /* SaveFavoriteSongsHelper.swift */,
				B25F8BED1DF56F28006DC304 /* SaveRatedSongsHelper.swift */,
				B25F8BF91DF6246B006DC304 /* Progress.swift */,
			);
			name = Sources;
			sourceTree = "<group>";
		};
		B20C551E1DEBF08F00C1F4A8 /* Discover */ = {
			isa = PBXGroup;
			children = (
				B209F7251DFBD0710036AD37 /* DiscoverTableViewController.swift */,
				B209F7271DFBD1000036AD37 /* D_PagingMenuOption.swift */,
				B209F73B1DFBF9F70036AD37 /* D_BasePageMenuController.swift */,
				B209F7241DFBD0370036AD37 /* PageMenu */,
			);
			name = Discover;
			sourceTree = "<group>";
		};
		B20C55291DEC00F800C1F4A8 /* TabBarItems */ = {
			isa = PBXGroup;
			children = (
				B20857D11DE9BBE800E05CAD /* Home */,
				B20C551E1DEBF08F00C1F4A8 /* Discover */,
				B25F8BF11DF5DE8B006DC304 /* Find */,
				B20C552A1DEC011400C1F4A8 /* History */,
			);
			name = TabBarItems;
			sourceTree = "<group>";
		};
		B20C552A1DEC011400C1F4A8 /* History */ = {
			isa = PBXGroup;
			children = (
				B25F8BF51DF5F0EE006DC304 /* HistoryViewController.swift */,
			);
			name = History;
			sourceTree = "<group>";
		};
		B224D9211DF9B23B009F7BC2 /* ScreenShot */ = {
			isa = PBXGroup;
			children = (
				B248D5CD1E03E862006F6984 /* IMG_0848.PNG */,
				B248D5CE1E03E862006F6984 /* IMG_0847.PNG */,
				B248D5CF1E03E862006F6984 /* IMG_0846.PNG */,
				B248D5D01E03E862006F6984 /* IMG_0845.PNG */,
				B248D5D11E03E862006F6984 /* IMG_0844.PNG */,
				B248D5D21E03E862006F6984 /* IMG_0843.PNG */,
				B248D5D31E03E862006F6984 /* IMG_0842.PNG */,
			);
			name = ScreenShot;
			sourceTree = "<group>";
		};
		B24EED381DE6D09600F5F5E8 /* SupportFiles */ = {
			isa = PBXGroup;
			children = (
				B248D5DB1E03F060006F6984 /* GoogleService-Info.plist */,
				B2F689AE1E06E64C00D5087E /* music-icon4.png */,
				B2CC1B2D1DE6C6AE00356219 /* Assets.xcassets */,
				B2CC1B2F1DE6C6AE00356219 /* LaunchScreen.storyboard */,
				B2CC1B321DE6C6AE00356219 /* Info.plist */,
			);
			name = SupportFiles;
			sourceTree = "<group>";
		};
		B24EED3C1DE6D14900F5F5E8 /* MusicPlayer */ = {
			isa = PBXGroup;
			children = (
				B2FD5A791DF1FC9A0040C2A1 /* AudioPlayer.swift */,
			);
			name = MusicPlayer;
			sourceTree = "<group>";
		};
		B25F8BF11DF5DE8B006DC304 /* Find */ = {
			isa = PBXGroup;
			children = (
				B25F8BF31DF5F0DF006DC304 /* FindViewController.swift */,
			);
			name = Find;
			sourceTree = "<group>";
		};
		B25F8BF21DF5E84D006DC304 /* Extension */ = {
			isa = PBXGroup;
			children = (
				B2BCA0D11DF79FD800498C2A /* Extension.swift */,
			);
			name = Extension;
			sourceTree = "<group>";
		};
		B28627291DF09D9D007A333D /* PageMenu */ = {
			isa = PBXGroup;
			children = (
				B2AEDDEF1DF4107B00320A2D /* SongsViewController.swift */,
				B286272C1DF09DC3007A333D /* ArtistViewController.swift */,
				B286272E1DF09DCF007A333D /* AlbumViewController.swift */,
				B2BCA0CF1DF79F6B00498C2A /* SectionHeader.swift */,
			);
			name = PageMenu;
			sourceTree = "<group>";
		};
		B2CC1B171DE6C6AE00356219 = {
			isa = PBXGroup;
			children = (
				B248D5CB1E03E640006F6984 /* README.md */,
				B27824A81DFA60330023405E /* Demo.playground */,
				B2CC1B3E1DE6C84600356219 /* Podfile */,
				B2CC1B221DE6C6AE00356219 /* Origin */,
				B2CC1B211DE6C6AE00356219 /* Products */,
				7CA1B7B0159A94323CBDADCD /* Pods */,
				EB02B1C57702E090A7BADCA7 /* Frameworks */,
			);
			sourceTree = "<group>";
		};
		B2CC1B211DE6C6AE00356219 /* Products */ = {
			isa = PBXGroup;
			children = (
				B2CC1B201DE6C6AE00356219 /* Origin.app */,
			);
			name = Products;
			sourceTree = "<group>";
		};
		B2CC1B221DE6C6AE00356219 /* Origin */ = {
			isa = PBXGroup;
			children = (
				B224D9211DF9B23B009F7BC2 /* ScreenShot */,
				B2CC1B271DE6C6AE00356219 /* Main.storyboard */,
				B28627301DF09E3A007A333D /* MenuViewController.storyboard */,
				B209F72F1DFBD4E70036AD37 /* GenreViewController.storyboard */,
				B2CC1B251DE6C6AE00356219 /* MainViewController.swift */,
				B2CC1B391DE6C80900356219 /* Origin */,
				B20C55291DEC00F800C1F4A8 /* TabBarItems */,
				B24EED3C1DE6D14900F5F5E8 /* MusicPlayer */,
				B2E939C71DF3EE4500937460 /* Models */,
				B20C551B1DEBACCA00C1F4A8 /* Sources */,
				B2CC1B381DE6C80200356219 /* UI */,
				B25F8BF21DF5E84D006DC304 /* Extension */,
				B24EED381DE6D09600F5F5E8 /* SupportFiles */,
			);
			path = Origin;
			sourceTree = "<group>";
		};
		B2CC1B381DE6C80200356219 /* UI */ = {
			isa = PBXGroup;
			children = (
				B24EED3F1DE6D7B900F5F5E8 /* MiniPlayerView.swift */,
			);
			name = UI;
			sourceTree = "<group>";
		};
		B2CC1B391DE6C80900356219 /* Origin */ = {
			isa = PBXGroup;
			children = (
				B2CC1B231DE6C6AE00356219 /* AppDelegate.swift */,
			);
			name = Origin;
			sourceTree = "<group>";
		};
		B2E939C71DF3EE4500937460 /* Models */ = {
			isa = PBXGroup;
			children = (
				B299ABE81E05500900514638 /* User.swift */,
				B2AEDDEB1DF4008E00320A2D /* Song.swift */,
				B2AEDDF11DF4F5E400320A2D /* FavoriteSong.swift */,
				B25F8BEF1DF5724C006DC304 /* RatedSong.swift */,
				B25F8BF71DF61677006DC304 /* Record.swift */,
			);
			name = Models;
			sourceTree = "<group>";
		};
		EB02B1C57702E090A7BADCA7 /* Frameworks */ = {
			isa = PBXGroup;
			children = (
				C4DEEF4F3E640A783E5AD659 /* Pods_Origin.framework */,
			);
			name = Frameworks;
			sourceTree = "<group>";
		};
/* End PBXGroup section */

/* Begin PBXNativeTarget section */
		B2CC1B1F1DE6C6AE00356219 /* Origin */ = {
			isa = PBXNativeTarget;
			buildConfigurationList = B2CC1B351DE6C6AE00356219 /* Build configuration list for PBXNativeTarget "Origin" */;
			buildPhases = (
				F8585AEEBBED2E99B97FBD18 /* [CP] Check Pods Manifest.lock */,
				B2CC1B1C1DE6C6AE00356219 /* Sources */,
				B2CC1B1D1DE6C6AE00356219 /* Frameworks */,
				B2CC1B1E1DE6C6AE00356219 /* Resources */,
				BE9F075AE3CA583B48F11172 /* [CP] Embed Pods Frameworks */,
				DAD4FC324DF0B51A41B9D2B7 /* [CP] Copy Pods Resources */,
			);
			buildRules = (
			);
			dependencies = (
			);
			name = Origin;
			productName = Origin;
			productReference = B2CC1B201DE6C6AE00356219 /* Origin.app */;
			productType = "com.apple.product-type.application";
		};
/* End PBXNativeTarget section */

/* Begin PBXProject section */
		B2CC1B181DE6C6AE00356219 /* Project object */ = {
			isa = PBXProject;
			attributes = {
				LastSwiftUpdateCheck = 0810;
				LastUpgradeCheck = 0810;
				ORGANIZATIONNAME = Gen;
				TargetAttributes = {
					B2CC1B1F1DE6C6AE00356219 = {
						CreatedOnToolsVersion = 8.1;
						DevelopmentTeam = R299JKHSCU;
						ProvisioningStyle = Automatic;
						SystemCapabilities = {
							com.apple.BackgroundModes = {
								enabled = 1;
							};
							com.apple.InterAppAudio = {
								enabled = 0;
							};
						};
					};
				};
			};
			buildConfigurationList = B2CC1B1B1DE6C6AE00356219 /* Build configuration list for PBXProject "Origin" */;
			compatibilityVersion = "Xcode 3.2";
			developmentRegion = English;
			hasScannedForEncodings = 0;
			knownRegions = (
				en,
				Base,
			);
			mainGroup = B2CC1B171DE6C6AE00356219;
			productRefGroup = B2CC1B211DE6C6AE00356219 /* Products */;
			projectDirPath = "";
			projectRoot = "";
			targets = (
				B2CC1B1F1DE6C6AE00356219 /* Origin */,
			);
		};
/* End PBXProject section */

/* Begin PBXResourcesBuildPhase section */
		B2CC1B1E1DE6C6AE00356219 /* Resources */ = {
			isa = PBXResourcesBuildPhase;
			buildActionMask = 2147483647;
			files = (
				B209F7301DFBD4E70036AD37 /* GenreViewController.storyboard in Resources */,
				B248D5D51E03E862006F6984 /* IMG_0847.PNG in Resources */,
				B248D5DC1E03F060006F6984 /* GoogleService-Info.plist in Resources */,
				B2F689AF1E06E64C00D5087E /* music-icon4.png in Resources */,
				B2CC1B3F1DE6C84600356219 /* Podfile in Resources */,
				B248D5D61E03E862006F6984 /* IMG_0846.PNG in Resources */,
				B2CC1B311DE6C6AE00356219 /* LaunchScreen.storyboard in Resources */,
				B248D5DA1E03E862006F6984 /* IMG_0842.PNG in Resources */,
				B28627311DF09E3A007A333D /* MenuViewController.storyboard in Resources */,
				B2CC1B2E1DE6C6AE00356219 /* Assets.xcassets in Resources */,
				B248D5D81E03E862006F6984 /* IMG_0844.PNG in Resources */,
				B248D5D91E03E862006F6984 /* IMG_0843.PNG in Resources */,
				B2CC1B291DE6C6AE00356219 /* Main.storyboard in Resources */,
				B248D5D71E03E862006F6984 /* IMG_0845.PNG in Resources */,
				B248D5D41E03E862006F6984 /* IMG_0848.PNG in Resources */,
			);
			runOnlyForDeploymentPostprocessing = 0;
		};
/* End PBXResourcesBuildPhase section */

/* Begin PBXShellScriptBuildPhase section */
		BE9F075AE3CA583B48F11172 /* [CP] Embed Pods Frameworks */ = {
			isa = PBXShellScriptBuildPhase;
			buildActionMask = 2147483647;
			files = (
			);
			inputPaths = (
			);
			name = "[CP] Embed Pods Frameworks";
			outputPaths = (
			);
			runOnlyForDeploymentPostprocessing = 0;
			shellPath = /bin/sh;
			shellScript = "\"${SRCROOT}/Pods/Target Support Files/Pods-Origin/Pods-Origin-frameworks.sh\"\n";
			showEnvVarsInLog = 0;
		};
		DAD4FC324DF0B51A41B9D2B7 /* [CP] Copy Pods Resources */ = {
			isa = PBXShellScriptBuildPhase;
			buildActionMask = 2147483647;
			files = (
			);
			inputPaths = (
			);
			name = "[CP] Copy Pods Resources";
			outputPaths = (
			);
			runOnlyForDeploymentPostprocessing = 0;
			shellPath = /bin/sh;
			shellScript = "\"${SRCROOT}/Pods/Target Support Files/Pods-Origin/Pods-Origin-resources.sh\"\n";
			showEnvVarsInLog = 0;
		};
		F8585AEEBBED2E99B97FBD18 /* [CP] Check Pods Manifest.lock */ = {
			isa = PBXShellScriptBuildPhase;
			buildActionMask = 2147483647;
			files = (
			);
			inputPaths = (
			);
			name = "[CP] Check Pods Manifest.lock";
			outputPaths = (
			);
			runOnlyForDeploymentPostprocessing = 0;
			shellPath = /bin/sh;
			shellScript = "diff \"${PODS_ROOT}/../Podfile.lock\" \"${PODS_ROOT}/Manifest.lock\" > /dev/null\nif [ $? != 0 ] ; then\n    # print error to STDERR\n    echo \"error: The sandbox is not in sync with the Podfile.lock. Run 'pod install' or update your CocoaPods installation.\" >&2\n    exit 1\nfi\n";
			showEnvVarsInLog = 0;
		};
/* End PBXShellScriptBuildPhase section */

/* Begin PBXSourcesBuildPhase section */
		B2CC1B1C1DE6C6AE00356219 /* Sources */ = {
			isa = PBXSourcesBuildPhase;
			buildActionMask = 2147483647;
			files = (
				B25F8BFA1DF6246B006DC304 /* Progress.swift in Sources */,
				B25F8BEE1DF56F28006DC304 /* SaveRatedSongsHelper.swift in Sources */,
				B20857D31DE9BC1600E05CAD /* HomeTableViewController.swift in Sources */,
				B209F73A1DFBDF830036AD37 /* JPopViewController.swift in Sources */,
				B2CC1B261DE6C6AE00356219 /* MainViewController.swift in Sources */,
				B2F689B31E077FB900D5087E /* RealmSave.swift in Sources */,
				B209F72A1DFBD2360036AD37 /* PopViewController.swift in Sources */,
				B2CC1B241DE6C6AE00356219 /* AppDelegate.swift in Sources */,
				B209F7281DFBD1000036AD37 /* D_PagingMenuOption.swift in Sources */,
				B209F73C1DFBF9F70036AD37 /* D_BasePageMenuController.swift in Sources */,
				B24EED401DE6D7B900F5F5E8 /* MiniPlayerView.swift in Sources */,
				B209F7261DFBD0710036AD37 /* DiscoverTableViewController.swift in Sources */,
				B2AEDDF21DF4F5E500320A2D /* FavoriteSong.swift in Sources */,
				B2AEDDEE1DF4027600320A2D /* LibraryAccessHelper.swift in Sources */,
				B2AEDDF01DF4107B00320A2D /* SongsViewController.swift in Sources */,
				B28627281DF09CCF007A333D /* H_PagingMenuOption.swift in Sources */,
				B25F8BF81DF61677006DC304 /* Record.swift in Sources */,
				B2FD5A7A1DF1FC9A0040C2A1 /* AudioPlayer.swift in Sources */,
				B209F7321DFBD7210036AD37 /* AllViewController.swift in Sources */,
				B209F72C1DFBD2430036AD37 /* RockViewController.swift in Sources */,
				B218FD8A1DFEDBCD00BBC16E /* OtherViewController.swift in Sources */,
				B299ABE91E05500900514638 /* User.swift in Sources */,
				B209F7361DFBDF3F0036AD37 /* HipHopViewController.swift in Sources */,
				B25F8BF41DF5F0DF006DC304 /* FindViewController.swift in Sources */,
				B286272F1DF09DCF007A333D /* AlbumViewController.swift in Sources */,
				B25F8BF61DF5F0EE006DC304 /* HistoryViewController.swift in Sources */,
				B2AEDDF41DF4F76500320A2D /* SaveFavoriteSongsHelper.swift in Sources */,
				B28EE8DC1DFF091500A54175 /* JsonPost.swift in Sources */,
				B2AEDDEC1DF4008E00320A2D /* Song.swift in Sources */,
				B2B425D21DF29D12002B47D5 /* SearchRequestHelper.swift in Sources */,
				B209F7341DFBDF300036AD37 /* DanceViewController.swift in Sources */,
				B25F8BF01DF5724C006DC304 /* RatedSong.swift in Sources */,
				B209F72E1DFBD24F0036AD37 /* AnimeViewController.swift in Sources */,
				B2BCA0D01DF79F6B00498C2A /* SectionHeader.swift in Sources */,
				B209F7231DFBCA2F0036AD37 /* RssRequest.swift in Sources */,
				B286272D1DF09DC3007A333D /* ArtistViewController.swift in Sources */,
				B248D5CC1E03E640006F6984 /* README.md in Sources */,
				B2BCA0D21DF79FD800498C2A /* Extension.swift in Sources */,
			);
			runOnlyForDeploymentPostprocessing = 0;
		};
/* End PBXSourcesBuildPhase section */

/* Begin PBXVariantGroup section */
		B2CC1B271DE6C6AE00356219 /* Main.storyboard */ = {
			isa = PBXVariantGroup;
			children = (
				B2CC1B281DE6C6AE00356219 /* Base */,
			);
			name = Main.storyboard;
			sourceTree = "<group>";
		};
		B2CC1B2F1DE6C6AE00356219 /* LaunchScreen.storyboard */ = {
			isa = PBXVariantGroup;
			children = (
				B2CC1B301DE6C6AE00356219 /* Base */,
			);
			name = LaunchScreen.storyboard;
			sourceTree = "<group>";
		};
/* End PBXVariantGroup section */

/* Begin XCBuildConfiguration section */
		B2CC1B331DE6C6AE00356219 /* Debug */ = {
			isa = XCBuildConfiguration;
			buildSettings = {
				ALWAYS_SEARCH_USER_PATHS = NO;
				CLANG_ANALYZER_NONNULL = YES;
				CLANG_CXX_LANGUAGE_STANDARD = "gnu++0x";
				CLANG_CXX_LIBRARY = "libc++";
				CLANG_ENABLE_MODULES = YES;
				CLANG_ENABLE_OBJC_ARC = YES;
				CLANG_WARN_BOOL_CONVERSION = YES;
				CLANG_WARN_CONSTANT_CONVERSION = YES;
				CLANG_WARN_DIRECT_OBJC_ISA_USAGE = YES_ERROR;
				CLANG_WARN_DOCUMENTATION_COMMENTS = YES;
				CLANG_WARN_EMPTY_BODY = YES;
				CLANG_WARN_ENUM_CONVERSION = YES;
				CLANG_WARN_INFINITE_RECURSION = YES;
				CLANG_WARN_INT_CONVERSION = YES;
				CLANG_WARN_OBJC_ROOT_CLASS = YES_ERROR;
				CLANG_WARN_SUSPICIOUS_MOVE = YES;
				CLANG_WARN_SUSPICIOUS_MOVES = YES;
				CLANG_WARN_UNREACHABLE_CODE = YES;
				CLANG_WARN__DUPLICATE_METHOD_MATCH = YES;
				"CODE_SIGN_IDENTITY[sdk=iphoneos*]" = "iPhone Developer";
				COPY_PHASE_STRIP = NO;
				DEBUG_INFORMATION_FORMAT = dwarf;
				ENABLE_STRICT_OBJC_MSGSEND = YES;
				ENABLE_TESTABILITY = YES;
				GCC_C_LANGUAGE_STANDARD = gnu99;
				GCC_DYNAMIC_NO_PIC = NO;
				GCC_NO_COMMON_BLOCKS = YES;
				GCC_OPTIMIZATION_LEVEL = 0;
				GCC_PREPROCESSOR_DEFINITIONS = (
					"DEBUG=1",
					"$(inherited)",
				);
				GCC_WARN_64_TO_32_BIT_CONVERSION = YES;
				GCC_WARN_ABOUT_RETURN_TYPE = YES_ERROR;
				GCC_WARN_UNDECLARED_SELECTOR = YES;
				GCC_WARN_UNINITIALIZED_AUTOS = YES_AGGRESSIVE;
				GCC_WARN_UNUSED_FUNCTION = YES;
				GCC_WARN_UNUSED_VARIABLE = YES;
				IPHONEOS_DEPLOYMENT_TARGET = 10.1;
				MTL_ENABLE_DEBUG_INFO = YES;
				ONLY_ACTIVE_ARCH = YES;
				SDKROOT = iphoneos;
				SWIFT_ACTIVE_COMPILATION_CONDITIONS = DEBUG;
				SWIFT_OPTIMIZATION_LEVEL = "-Onone";
				TARGETED_DEVICE_FAMILY = "1,2";
			};
			name = Debug;
		};
		B2CC1B341DE6C6AE00356219 /* Release */ = {
			isa = XCBuildConfiguration;
			buildSettings = {
				ALWAYS_SEARCH_USER_PATHS = NO;
				CLANG_ANALYZER_NONNULL = YES;
				CLANG_CXX_LANGUAGE_STANDARD = "gnu++0x";
				CLANG_CXX_LIBRARY = "libc++";
				CLANG_ENABLE_MODULES = YES;
				CLANG_ENABLE_OBJC_ARC = YES;
				CLANG_WARN_BOOL_CONVERSION = YES;
				CLANG_WARN_CONSTANT_CONVERSION = YES;
				CLANG_WARN_DIRECT_OBJC_ISA_USAGE = YES_ERROR;
				CLANG_WARN_DOCUMENTATION_COMMENTS = YES;
				CLANG_WARN_EMPTY_BODY = YES;
				CLANG_WARN_ENUM_CONVERSION = YES;
				CLANG_WARN_INFINITE_RECURSION = YES;
				CLANG_WARN_INT_CONVERSION = YES;
				CLANG_WARN_OBJC_ROOT_CLASS = YES_ERROR;
				CLANG_WARN_SUSPICIOUS_MOVE = YES;
				CLANG_WARN_SUSPICIOUS_MOVES = YES;
				CLANG_WARN_UNREACHABLE_CODE = YES;
				CLANG_WARN__DUPLICATE_METHOD_MATCH = YES;
				"CODE_SIGN_IDENTITY[sdk=iphoneos*]" = "iPhone Developer";
				COPY_PHASE_STRIP = NO;
				DEBUG_INFORMATION_FORMAT = "dwarf-with-dsym";
				ENABLE_NS_ASSERTIONS = NO;
				ENABLE_STRICT_OBJC_MSGSEND = YES;
				GCC_C_LANGUAGE_STANDARD = gnu99;
				GCC_NO_COMMON_BLOCKS = YES;
				GCC_WARN_64_TO_32_BIT_CONVERSION = YES;
				GCC_WARN_ABOUT_RETURN_TYPE = YES_ERROR;
				GCC_WARN_UNDECLARED_SELECTOR = YES;
				GCC_WARN_UNINITIALIZED_AUTOS = YES_AGGRESSIVE;
				GCC_WARN_UNUSED_FUNCTION = YES;
				GCC_WARN_UNUSED_VARIABLE = YES;
				IPHONEOS_DEPLOYMENT_TARGET = 10.1;
				MTL_ENABLE_DEBUG_INFO = NO;
				SDKROOT = iphoneos;
				SWIFT_OPTIMIZATION_LEVEL = "-Owholemodule";
				TARGETED_DEVICE_FAMILY = "1,2";
				VALIDATE_PRODUCT = YES;
			};
			name = Release;
		};
		B2CC1B361DE6C6AE00356219 /* Debug */ = {
			isa = XCBuildConfiguration;
			baseConfigurationReference = 19A7B1783C8F33698F3569ED /* Pods-Origin.debug.xcconfig */;
			buildSettings = {
				ALWAYS_EMBED_SWIFT_STANDARD_LIBRARIES = YES;
				ASSETCATALOG_COMPILER_APPICON_NAME = AppIcon;
				DEVELOPMENT_TEAM = R299JKHSCU;
				INFOPLIST_FILE = Origin/Info.plist;
				LD_RUNPATH_SEARCH_PATHS = "$(inherited) @executable_path/Frameworks";
				PRODUCT_BUNDLE_IDENTIFIER = com.uesmgn.Origin;
				PRODUCT_NAME = "$(TARGET_NAME)";
				SWIFT_VERSION = 3.0;
				TARGETED_DEVICE_FAMILY = 1;
			};
			name = Debug;
		};
		B2CC1B371DE6C6AE00356219 /* Release */ = {
			isa = XCBuildConfiguration;
			baseConfigurationReference = 104A44546A3700F7707A2536 /* Pods-Origin.release.xcconfig */;
			buildSettings = {
				ALWAYS_EMBED_SWIFT_STANDARD_LIBRARIES = YES;
				ASSETCATALOG_COMPILER_APPICON_NAME = AppIcon;
				DEVELOPMENT_TEAM = R299JKHSCU;
				INFOPLIST_FILE = Origin/Info.plist;
				LD_RUNPATH_SEARCH_PATHS = "$(inherited) @executable_path/Frameworks";
				PRODUCT_BUNDLE_IDENTIFIER = com.uesmgn.Origin;
				PRODUCT_NAME = "$(TARGET_NAME)";
				SWIFT_VERSION = 3.0;
				TARGETED_DEVICE_FAMILY = 1;
			};
			name = Release;
		};
/* End XCBuildConfiguration section */

/* Begin XCConfigurationList section */
		B2CC1B1B1DE6C6AE00356219 /* Build configuration list for PBXProject "Origin" */ = {
			isa = XCConfigurationList;
			buildConfigurations = (
				B2CC1B331DE6C6AE00356219 /* Debug */,
				B2CC1B341DE6C6AE00356219 /* Release */,
			);
			defaultConfigurationIsVisible = 0;
			defaultConfigurationName = Release;
		};
		B2CC1B351DE6C6AE00356219 /* Build configuration list for PBXNativeTarget "Origin" */ = {
			isa = XCConfigurationList;
			buildConfigurations = (
				B2CC1B361DE6C6AE00356219 /* Debug */,
				B2CC1B371DE6C6AE00356219 /* Release */,
			);
			defaultConfigurationIsVisible = 0;
			defaultConfigurationName = Release;
		};
/* End XCConfigurationList section */
	};
	rootObject = B2CC1B181DE6C6AE00356219 /* Project object */;
}
